{
  "version": 4,
  "terraform_version": "1.1.9",
  "serial": 93,
  "lineage": "19e2ed99-f417-60a4-e220-a47376128f60",
  "outputs": {},
  "resources": [
    {
      "mode": "managed",
      "type": "aws_eks_cluster",
      "name": "eks_cluster",
      "provider": "provider[\"registry.terraform.io/hashicorp/aws\"]",
      "instances": [
        {
          "schema_version": 0,
          "attributes": {
            "arn": "arn:aws:eks:us-west-1:297823336606:cluster/eks-terraform",
            "certificate_authority": [
              {
                "data": "LS0tLS1CRUdJTiBDRVJUSUZJQ0FURS0tLS0tCk1JSUMvakNDQWVhZ0F3SUJBZ0lCQURBTkJna3Foa2lHOXcwQkFRc0ZBREFWTVJNd0VRWURWUVFERXdwcmRXSmwKY201bGRHVnpNQjRYRFRJeU1EY3dOekl4TURBd05sb1hEVE15TURjd05ESXhNREF3Tmxvd0ZURVRNQkVHQTFVRQpBeE1LYTNWaVpYSnVaWFJsY3pDQ0FTSXdEUVlKS29aSWh2Y05BUUVCQlFBRGdnRVBBRENDQVFvQ2dnRUJBTE91CndIODVjZ29uSWhpdW0vcWZMQWdVZTlPMnVqVU9ZZ2RwakxVOStORW93ckhua1BzRXVQamxLc1RSOGkvTXRsaE0KMm5PMElkeUY0aXVmZHdqakhvbzU4eXBTczU0UnJjditkKzJaaldKQWQ0VHk4NWpUYVRveUpMQ2NtZTNUWStzdwpzMEVZeG45MCtKWG9YVDZTL0VieE9NZVVYUnNuV1VmNENTWTM3MmdLZ1R1bWhKdWF5QUhsNk1MckVoTitiTXc0CkJuY2xoYWE2SWk1TSs0UXB3WjR0OG1MRUg5d2hmakZQSGJCQ1JqK0QwRjhZQmFtTmtRZ1Z0TEdEMFl3NEhTMnUKQ2R4MlQyL0JqamtHWFZLRHVFeVk4TzNncG13Rzc1a2krY1Z5cnFSdk14L01EYW15QlN3c21ucXk4MDRtU2RSbwpTMkNzYXdmRlBkenRON1NUb1ZVQ0F3RUFBYU5aTUZjd0RnWURWUjBQQVFIL0JBUURBZ0trTUE4R0ExVWRFd0VCCi93UUZNQU1CQWY4d0hRWURWUjBPQkJZRUZEdndTVnVQNEN4bmFsY0lDM3hJdnE3a1BQWjZNQlVHQTFVZEVRUU8KTUF5Q0NtdDFZbVZ5Ym1WMFpYTXdEUVlKS29aSWh2Y05BUUVMQlFBRGdnRUJBSm9yVTdnaURmTHhDYW9uNUcvMgo1bk0rNGczV0xwcTVVbmM0a0N6UkN4cVpYalJQN1JWU1NJbVZqRzl1QjI1R2hvWmV1QWM2eUg0MG85TU1HZTFBCjJxR1JNY3FEbVZtN21NMVVZbmZCSjVZSThOQUM1NnVHQU5lVlg2M1JjZDBKd2NaU2ZObVljRFhvRkttWkZwMXQKZFdIN2VqYkMrMVNxc3p6SlgyaUVtNFpoU0U2MkdMczduUGRyTUtXZXNXV2RrMCtCVHdvV1R4TXJGYm91L0tGUQplNmNZazE5cFErVHB1c3YrY095dVh2RUlpeFU4aFVQbHhaTVowSFp4YWRmL2VIdE1vS2w3cGFUQmtUZVNzUStaCjQ1ViswWTh1WFJycjFrZW5rSjZOM0lTY0h2YzVWRjNKTjBYcjFQYTk5dml5SS9VcHZKbmRaVEFsYkxCRE05WTIKcktzPQotLS0tLUVORCBDRVJUSUZJQ0FURS0tLS0tCg=="
              }
            ],
            "created_at": "2022-07-07 20:55:07.935 +0000 UTC",
            "enabled_cluster_log_types": [
              "api",
              "audit",
              "authenticator",
              "controllerManager",
              "scheduler"
            ],
            "encryption_config": [],
            "endpoint": "https://4DED5CA9DBE803A717B1B2A1EEC69700.sk1.us-west-1.eks.amazonaws.com",
            "id": "eks-terraform",
            "identity": [
              {
                "oidc": [
                  {
                    "issuer": "https://oidc.eks.us-west-1.amazonaws.com/id/4DED5CA9DBE803A717B1B2A1EEC69700"
                  }
                ]
              }
            ],
            "kubernetes_network_config": [
              {
                "ip_family": "ipv4",
                "service_ipv4_cidr": "10.100.0.0/16"
              }
            ],
            "name": "eks-terraform",
            "platform_version": "eks.3",
            "role_arn": "arn:aws:iam::297823336606:role/AWSRoleAmazonEKS",
            "status": "ACTIVE",
            "tags": {},
            "tags_all": {},
            "timeouts": {
              "create": "30m",
              "delete": "15m",
              "update": "60m"
            },
            "version": "1.22",
            "vpc_config": [
              {
                "cluster_security_group_id": "sg-032eda4204d8faba1",
                "endpoint_private_access": true,
                "endpoint_public_access": false,
                "public_access_cidrs": [],
                "security_group_ids": [
                  "sg-06639def31e09c198"
                ],
                "subnet_ids": [
                  "subnet-02863ded1fb7e966a",
                  "subnet-0e22496b4e61f0414"
                ],
                "vpc_id": "vpc-03d5a2d034f7e07b8"
              }
            ]
          },
          "sensitive_attributes": [],
          "private": "eyJlMmJmYjczMC1lY2FhLTExZTYtOGY4OC0zNDM2M2JjN2M0YzAiOnsiY3JlYXRlIjoxODAwMDAwMDAwMDAwLCJkZWxldGUiOjkwMDAwMDAwMDAwMCwidXBkYXRlIjozNjAwMDAwMDAwMDAwfX0=",
          "dependencies": [
            "aws_security_group.eks_cluster_sg"
          ]
        }
      ]
    },
    {
      "mode": "managed",
      "type": "aws_security_group",
      "name": "eks_cluster_sg",
      "provider": "provider[\"registry.terraform.io/hashicorp/aws\"]",
      "instances": [
        {
          "schema_version": 1,
          "attributes": {
            "arn": "arn:aws:ec2:us-west-1:297823336606:security-group/sg-06639def31e09c198",
            "description": "Allow TLS inbound traffic",
            "egress": [
              {
                "cidr_blocks": [
                  "0.0.0.0/0"
                ],
                "description": "",
                "from_port": 0,
                "ipv6_cidr_blocks": [],
                "prefix_list_ids": [],
                "protocol": "-1",
                "security_groups": [],
                "self": false,
                "to_port": 0
              }
            ],
            "id": "sg-06639def31e09c198",
            "ingress": [
              {
                "cidr_blocks": [
                  "10.0.0.0/16"
                ],
                "description": "TCP 10250",
                "from_port": 10250,
                "ipv6_cidr_blocks": [],
                "prefix_list_ids": [],
                "protocol": "tcp",
                "security_groups": [],
                "self": false,
                "to_port": 10250
              },
              {
                "cidr_blocks": [
                  "10.0.0.0/16"
                ],
                "description": "TCP 53",
                "from_port": 53,
                "ipv6_cidr_blocks": [],
                "prefix_list_ids": [],
                "protocol": "tcp",
                "security_groups": [],
                "self": false,
                "to_port": 53
              },
              {
                "cidr_blocks": [
                  "10.0.0.0/16"
                ],
                "description": "TLS from VPC",
                "from_port": 443,
                "ipv6_cidr_blocks": [],
                "prefix_list_ids": [],
                "protocol": "tcp",
                "security_groups": [],
                "self": false,
                "to_port": 443
              },
              {
                "cidr_blocks": [
                  "10.0.0.0/16"
                ],
                "description": "UDP 53",
                "from_port": 53,
                "ipv6_cidr_blocks": [],
                "prefix_list_ids": [],
                "protocol": "udp",
                "security_groups": [],
                "self": false,
                "to_port": 53
              }
            ],
            "name": "eks-cluster-sg",
            "name_prefix": "",
            "owner_id": "297823336606",
            "revoke_rules_on_delete": false,
            "tags": {},
            "tags_all": {},
            "timeouts": null,
            "vpc_id": "vpc-03d5a2d034f7e07b8"
          },
          "sensitive_attributes": [],
          "private": "eyJlMmJmYjczMC1lY2FhLTExZTYtOGY4OC0zNDM2M2JjN2M0YzAiOnsiY3JlYXRlIjo2MDAwMDAwMDAwMDAsImRlbGV0ZSI6OTAwMDAwMDAwMDAwfSwic2NoZW1hX3ZlcnNpb24iOiIxIn0="
        }
      ]
    },
    {
      "module": "module.eks_addon",
      "mode": "managed",
      "type": "aws_eks_addon",
      "name": "eks_addon",
      "provider": "provider[\"registry.terraform.io/hashicorp/aws\"]",
      "instances": [
        {
          "index_key": "aws-ebs-csi-driver",
          "schema_version": 0,
          "attributes": {
            "addon_name": "aws-ebs-csi-driver",
            "addon_version": "v1.8.0-eksbuild.0",
            "arn": "arn:aws:eks:us-west-1:297823336606:addon/eks-terraform/aws-ebs-csi-driver/40c0f907-7114-0170-8e02-08d0efe6e5a2",
            "cluster_name": "eks-terraform",
            "created_at": "2022-07-12T10:57:50Z",
            "id": "eks-terraform:aws-ebs-csi-driver",
            "modified_at": "2022-07-22T04:39:41Z",
            "preserve": null,
            "resolve_conflicts": "OVERWRITE",
            "service_account_role_arn": "",
            "tags": {},
            "tags_all": {}
          },
          "sensitive_attributes": [],
          "private": "bnVsbA==",
          "dependencies": [
            "aws_eks_cluster.eks_cluster",
            "aws_security_group.eks_cluster_sg"
          ]
        },
        {
          "index_key": "coredns",
          "schema_version": 0,
          "attributes": {
            "addon_name": "coredns",
            "addon_version": "v1.8.7-eksbuild.1",
            "arn": "arn:aws:eks:us-west-1:297823336606:addon/eks-terraform/coredns/48c0f957-7c4c-0be0-bd6e-d84f20c24848",
            "cluster_name": "eks-terraform",
            "created_at": "2022-07-12T13:52:42Z",
            "id": "eks-terraform:coredns",
            "modified_at": "2022-07-22T04:44:08Z",
            "preserve": null,
            "resolve_conflicts": "OVERWRITE",
            "service_account_role_arn": "",
            "tags": {},
            "tags_all": {}
          },
          "sensitive_attributes": [],
          "private": "bnVsbA==",
          "dependencies": [
            "aws_eks_cluster.eks_cluster",
            "aws_security_group.eks_cluster_sg"
          ]
        },
        {
          "index_key": "kube-proxy",
          "schema_version": 0,
          "attributes": {
            "addon_name": "kube-proxy",
            "addon_version": "v1.21.2-eksbuild.2",
            "arn": "arn:aws:eks:us-west-1:297823336606:addon/eks-terraform/kube-proxy/62c0f73a-38bc-9c92-d438-53b18906d785",
            "cluster_name": "eks-terraform",
            "created_at": "2022-07-11T18:10:18Z",
            "id": "eks-terraform:kube-proxy",
            "modified_at": "2022-07-11T18:10:20Z",
            "preserve": null,
            "resolve_conflicts": "OVERWRITE",
            "service_account_role_arn": "",
            "tags": {},
            "tags_all": {}
          },
          "sensitive_attributes": [],
          "private": "bnVsbA==",
          "dependencies": [
            "aws_eks_cluster.eks_cluster",
            "aws_security_group.eks_cluster_sg"
          ]
        },
        {
          "index_key": "vpc-cni",
          "schema_version": 0,
          "attributes": {
            "addon_name": "vpc-cni",
            "addon_version": "v1.11.2-eksbuild.1",
            "arn": "arn:aws:eks:us-west-1:297823336606:addon/eks-terraform/vpc-cni/38c0f73a-3863-2d9c-850e-b9530690c4ad",
            "cluster_name": "eks-terraform",
            "created_at": "2022-07-11T18:10:17Z",
            "id": "eks-terraform:vpc-cni",
            "modified_at": "2022-07-11T18:10:49Z",
            "preserve": null,
            "resolve_conflicts": "OVERWRITE",
            "service_account_role_arn": "",
            "tags": {},
            "tags_all": {}
          },
          "sensitive_attributes": [],
          "private": "bnVsbA==",
          "dependencies": [
            "aws_eks_cluster.eks_cluster",
            "aws_security_group.eks_cluster_sg"
          ]
        }
      ]
    },
    {
      "module": "module.eks_node_group",
      "mode": "data",
      "type": "aws_caller_identity",
      "name": "current",
      "provider": "provider[\"registry.terraform.io/hashicorp/aws\"]",
      "instances": [
        {
          "schema_version": 0,
          "attributes": {
            "account_id": "297823336606",
            "arn": "arn:aws:sts::297823336606:assumed-role/AWSReservedSSO_PoCAccountAdmins_a704a3ab45aa5a27/sathiyaraj.elumalai@intuitive.cloud",
            "id": "297823336606",
            "user_id": "AROAUKV5HPCPPGNP7AITK:sathiyaraj.elumalai@intuitive.cloud"
          },
          "sensitive_attributes": []
        }
      ]
    },
    {
      "module": "module.eks_node_group",
      "mode": "data",
      "type": "aws_partition",
      "name": "current",
      "provider": "provider[\"registry.terraform.io/hashicorp/aws\"]",
      "instances": [
        {
          "schema_version": 0,
          "attributes": {
            "dns_suffix": "amazonaws.com",
            "id": "aws",
            "partition": "aws",
            "reverse_dns_prefix": "com.amazonaws"
          },
          "sensitive_attributes": []
        }
      ]
    },
    {
      "module": "module.eks_node_group",
      "mode": "managed",
      "type": "aws_launch_template",
      "name": "this",
      "provider": "provider[\"registry.terraform.io/hashicorp/aws\"]",
      "instances": [
        {
          "index_key": 0,
          "schema_version": 0,
          "attributes": {
            "arn": "arn:aws:ec2:us-west-1:297823336606:launch-template/lt-0ce264dabc2bbb0ac",
            "block_device_mappings": [],
            "capacity_reservation_specification": [],
            "cpu_options": [],
            "credit_specification": [],
            "default_version": 1,
            "description": "",
            "disable_api_stop": false,
            "disable_api_termination": false,
            "ebs_optimized": "",
            "elastic_gpu_specifications": [],
            "elastic_inference_accelerator": [],
            "enclave_options": [],
            "hibernation_options": [],
            "iam_instance_profile": [],
            "id": "lt-0ce264dabc2bbb0ac",
            "image_id": "ami-0d9858aa3c6322f73",
            "instance_initiated_shutdown_behavior": "",
            "instance_market_options": [],
            "instance_requirements": [],
            "instance_type": "",
            "kernel_id": "",
            "key_name": "sathiya",
            "latest_version": 1,
            "license_specification": [],
            "maintenance_options": [],
            "metadata_options": [
              {
                "http_endpoint": "enabled",
                "http_protocol_ipv6": "disabled",
                "http_put_response_hop_limit": 2,
                "http_tokens": "required",
                "instance_metadata_tags": "disabled"
              }
            ],
            "monitoring": [
              {
                "enabled": true
              }
            ],
            "name": "eks-eks-node-group-20220722045401064100000001",
            "name_prefix": "eks-eks-node-group-",
            "network_interfaces": [],
            "placement": [],
            "private_dns_name_options": [],
            "ram_disk_id": "",
            "security_group_names": null,
            "tag_specifications": [
              {
                "resource_type": "instance",
                "tags": {
                  "Name": "eks"
                }
              },
              {
                "resource_type": "network-interface",
                "tags": {
                  "Name": "eks"
                }
              },
              {
                "resource_type": "volume",
                "tags": {
                  "Name": "eks"
                }
              }
            ],
            "tags": null,
            "tags_all": {},
            "update_default_version": true,
            "user_data": "",
            "vpc_security_group_ids": [
              "sg-04439006c1af0c251"
            ]
          },
          "sensitive_attributes": [],
          "private": "bnVsbA==",
          "dependencies": [
            "module.eks_node_group.aws_iam_role_policy_attachment.this",
            "module.eks_node_group.aws_security_group.this",
            "module.eks_node_group.aws_security_group_rule.this",
            "module.eks_node_group.data.aws_caller_identity.current",
            "module.eks_node_group.data.aws_partition.current"
          ],
          "create_before_destroy": true
        }
      ]
    },
    {
      "module": "module.eks_node_group",
      "mode": "managed",
      "type": "aws_security_group",
      "name": "this",
      "provider": "provider[\"registry.terraform.io/hashicorp/aws\"]",
      "instances": [
        {
          "index_key": 0,
          "schema_version": 1,
          "attributes": {
            "arn": "arn:aws:ec2:us-west-1:297823336606:security-group/sg-04439006c1af0c251",
            "description": "EKS managed node group security group",
            "egress": [],
            "id": "sg-04439006c1af0c251",
            "ingress": [],
            "name": "eks-eks-node-group-20220722044140665300000002",
            "name_prefix": "eks-eks-node-group-",
            "owner_id": "297823336606",
            "revoke_rules_on_delete": false,
            "tags": {
              "Name": "eks-eks-node-group"
            },
            "tags_all": {
              "Name": "eks-eks-node-group"
            },
            "timeouts": null,
            "vpc_id": "vpc-d6269cb1"
          },
          "sensitive_attributes": [],
          "private": "eyJlMmJmYjczMC1lY2FhLTExZTYtOGY4OC0zNDM2M2JjN2M0YzAiOnsiY3JlYXRlIjo2MDAwMDAwMDAwMDAsImRlbGV0ZSI6OTAwMDAwMDAwMDAwfSwic2NoZW1hX3ZlcnNpb24iOiIxIn0=",
          "create_before_destroy": true
        }
      ]
    }
  ]
}
